
Microsoft Visual Studio Solution File, Format Version 12.00
# Visual Studio 15
VisualStudioVersion = 15.0.27703.2042
MinimumVisualStudioVersion = 10.0.40219.1
Project("{FAE04EC0-301F-11D3-BF4B-00C04F79EFBC}") = "recordHelper", "recordHelper\recordHelper.csproj", "{3C068187-30B5-48D8-8E9F-7483FBE7415E}"
EndProject
Global
	GlobalSection(SolutionConfigurationPlatforms) = preSolution
		Debug|Any CPU = Debug|Any CPU
		Release|Any CPU = Release|Any CPU
	EndGlobalSection
	GlobalSection(ProjectConfigurationPlatforms) = postSolution
		{3C068187-30B5-48D8-8E9F-7483FBE7415E}.Debug|Any CPU.ActiveCfg = Debug|Any CPU
		{3C068187-30B5-48D8-8E9F-7483FBE7415E}.Debug|Any CPU.Build.0 = Debug|Any CPU
		{3C068187-30B5-48D8-8E9F-7483FBE7415E}.Release|Any CPU.ActiveCfg = Release|Any CPU
		{3C068187-30B5-48D8-8E9F-7483FBE7415E}.Release|Any CPU.Build.0 = Release|Any CPU
	EndGlobalSection
	GlobalSection(SolutionProperties) = preSolution
		HideSolutionNode = FALSE
	EndGlobalSection
	GlobalSection(ExtensibilityGlobals) = postSolution
		SolutionGuid = {8A3D9367-B6E4-46CA-9052-C51E13CEE8FD}
	EndGlobalSection
EndGlobal
